{
  "pins" : [
    {
      "identity" : "swiftrui",
      "kind" : "remoteSourceControl",
      "location" : "https://github.com/Sweekwang/SwiftRUI",
      "state" : {
        "branch" : "development",
        "revision" : "ca12d8694e19bd200d041475abdd284fc89a7a19"
      }
    }
  ],
  "version" : 2
}
